
Microsoft Visual Studio Solution File, Format Version 12.00
# Visual Studio Version 16
VisualStudioVersion = 16.0.30204.135
MinimumVisualStudioVersion = 10.0.40219.1
Project("{FAE04EC0-301F-11D3-BF4B-00C04F79EFBC}") = "DetalleMORASBlazored", "DetalleMORASBlazored\DetalleMORASBlazored.csproj", "{F443AE86-049A-4BD9-926A-325CC77C58B8}"
EndProject
Project("{FAE04EC0-301F-11D3-BF4B-00C04F79EFBC}") = "DetalleMORASBlazoredTests", "DetalleMORASBlazoredTests\DetalleMORASBlazoredTests.csproj", "{AA9EB039-762B-48AC-B09F-0F9A3BC90EF9}"
EndProject
Global
	GlobalSection(SolutionConfigurationPlatforms) = preSolution
		Debug|Any CPU = Debug|Any CPU
		Release|Any CPU = Release|Any CPU
	EndGlobalSection
	GlobalSection(ProjectConfigurationPlatforms) = postSolution
		{F443AE86-049A-4BD9-926A-325CC77C58B8}.Debug|Any CPU.ActiveCfg = Debug|Any CPU
		{F443AE86-049A-4BD9-926A-325CC77C58B8}.Debug|Any CPU.Build.0 = Debug|Any CPU
		{F443AE86-049A-4BD9-926A-325CC77C58B8}.Release|Any CPU.ActiveCfg = Release|Any CPU
		{F443AE86-049A-4BD9-926A-325CC77C58B8}.Release|Any CPU.Build.0 = Release|Any CPU
		{AA9EB039-762B-48AC-B09F-0F9A3BC90EF9}.Debug|Any CPU.ActiveCfg = Debug|Any CPU
		{AA9EB039-762B-48AC-B09F-0F9A3BC90EF9}.Debug|Any CPU.Build.0 = Debug|Any CPU
		{AA9EB039-762B-48AC-B09F-0F9A3BC90EF9}.Release|Any CPU.ActiveCfg = Release|Any CPU
		{AA9EB039-762B-48AC-B09F-0F9A3BC90EF9}.Release|Any CPU.Build.0 = Release|Any CPU
	EndGlobalSection
	GlobalSection(SolutionProperties) = preSolution
		HideSolutionNode = FALSE
	EndGlobalSection
	GlobalSection(ExtensibilityGlobals) = postSolution
		SolutionGuid = {2A6A7462-0001-410C-AB5D-3E7C944B0597}
	EndGlobalSection
EndGlobal
